{
  "version": 4,
  "terraform_version": "1.5.7",
  "serial": 7,
  "lineage": "79258a2c-ddf4-9471-45e3-da8ed3786b7e",
  "outputs": {
    "cluster_endpoint": {
      "value": "136.114.112.183",
      "type": "string"
    },
    "cluster_name": {
      "value": "microservice-gke",
      "type": "string"
    },
    "jenkins_service_account_email": {
      "value": "jenkins-deployer@theta-ember-474415-r8.iam.gserviceaccount.com",
      "type": "string"
    },
    "kube_ca_certificate": {
      "value": "LS0tLS1CRUdJTiBDRVJUSUZJQ0FURS0tLS0tCk1JSUVMRENDQXBTZ0F3SUJBZ0lRYjlUV015WVFJVmJmZk9NTUNwVkRhREFOQmdrcWhraUc5dzBCQVFzRkFEQXYKTVMwd0t3WURWUVFERXlReE5EQXhZV1E0WmkweFkyWXlMVFE1TVdZdE9HTTJNQzB3TlRFME5qVTBOV1F6TlRNdwpJQmNOTWpVeE1EQTNNVFl4TXpNeFdoZ1BNakExTlRBNU16QXhOekV6TXpGYU1DOHhMVEFyQmdOVkJBTVRKREUwCk1ERmhaRGhtTFRGalpqSXRORGt4WmkwNFl6WXdMVEExTVRRMk5UUTFaRE0xTXpDQ0FhSXdEUVlKS29aSWh2Y04KQVFFQkJRQURnZ0dQQURDQ0FZb0NnZ0dCQU1GRnJINzBNRmdGOHJtTU1zWEhvTXdSTDVzQmJEczlnMUwyNU5ScgpUZlREd3JhVUtrUFRhVnFwK3RpbnlLU3pZQ3Uydmd1N1dtcXRXMGdtelcwQi9EVFR6VUFNODdsR0pPblpYY2dOCmM4SVRWenQxNDZSNkdJdWJBK3crOGNFRzl5OVJ4aVhFdGk0ZUxKZ2pabkhjaXdvV2FCWDh6QVdvUDU1TGY4a2wKT05rK0NGbUM5c3ZPRnZBWnQyV21PeWVWK3Z3QkhxV3l2Z1V5Z3MrbW04RDlMMlUvdHRhN2ZEVWkvV1ZJRjlmSwpEd29TVnpOdlhxazZoTEpTWjRJOXBFcHM3bEtQdmVIQTEzcFZzNkExaUxFdTlKRHZhYTl2ODFKRW94eHdPVUZtCktsMVFxKy9MWVZyQzVxSkNPcHZ1WHVLblFCREVlMnNYakpYdEpNb2FUYUQ2U01sTXJocC9Na3UyL3RlY0JxZkcKSm5XT1dsdloyR3E3cndUMFlDWXZST2pOaHNubllPMUNQYmtvZm9TdFpxWlBVT1ZCUEpQRElBRjZIVms1MkNCMwpaS2Vac25rZ3MyTlo2eldsRmsyKzJtK0h1NGg5cjZJVitlbGVBazZBTDRlZWhJbUlKSXRSdlpEak5ocVk3UVpNCk84bkN6akVGa2l5TnU5czF1ZERoTHYzUllRSURBUUFCbzBJd1FEQU9CZ05WSFE4QkFmOEVCQU1DQWdRd0R3WUQKVlIwVEFRSC9CQVV3QXdFQi96QWRCZ05WSFE0RUZnUVU0bUtnYS8rSVhrYW9tY0JITTNtZ0RoTWF2c2t3RFFZSgpLb1pJaHZjTkFRRUxCUUFEZ2dHQkFLYUVLanZWZWE3ZVhRVWUxczJRd3l5S2d4Y2lTS0pxcXlTZ3hweFRpQ3liCk1JenVVM3BvWFhzU09HczJpdHd4cU9EYTBBek02akFyQ2xqdzhURUF3T1U3OGN6K29xTXFXS1BBNWFnbklEbjgKMi9mZjduS2JJdTZJbHp5aEgxN3VRcHZYK3E4OG1JWkM3b2F6V0c1RDI2dEpVWWRoaUsxeThXNzNFOWU4RURCdQpZQlFNNkd3TysySmNLMVQxN25NUi9RTUhDeHNoL2NJTGtaTUhxdWVCV3lBSFE2T1dpYTRyUmpGSW03T2dncis1CmZKV3Q4ODIweFNsd0JZUGF4a3phb3hrSkJEL2Z6MEdFOEVjNS9TZHdDUTNvcTRKWXY2QXVTYVdwcGtlMUhsaFUKdlZ5RURjWk1USjd5SElIVktQanZYemJ2TGoydjVyY3JEZ1BIdWZvMkRqUDdOVXRXUGJwNm9PQUhQUHJieDB4dAp3YzAvOVFxcmV0aTVkTHdVam5HQ2lObjErZURJYThnd2tFYjFXVklCMi92cTFsSzFTWUc2QXVUSTZnR0RCaklyCjVHdXBWaUlVY3NVdjlJa3AvZU96bWxYd3pMNkpLTWRJR2ZHYXFrUVRxdFdpNXlFTmVUUE1xUFUyeHhPdUZqd24KWjl6MUNEODlRTVZHSVNpTVg1QjVEQT09Ci0tLS0tRU5EIENFUlRJRklDQVRFLS0tLS0K",
      "type": "string"
    }
  },
  "resources": [
    {
      "mode": "managed",
      "type": "google_container_cluster",
      "name": "primary",
      "provider": "provider[\"registry.terraform.io/hashicorp/google\"]",
      "instances": [
        {
          "schema_version": 2,
          "attributes": {
            "addons_config": [
              {
                "cloudrun_config": [],
                "config_connector_config": [],
                "dns_cache_config": [],
                "gce_persistent_disk_csi_driver_config": [
                  {
                    "enabled": true
                  }
                ],
                "gcp_filestore_csi_driver_config": [],
                "gcs_fuse_csi_driver_config": [],
                "gke_backup_agent_config": [],
                "horizontal_pod_autoscaling": [],
                "http_load_balancing": [
                  {
                    "disabled": false
                  }
                ],
                "lustre_csi_driver_config": [],
                "network_policy_config": [
                  {
                    "disabled": true
                  }
                ],
                "parallelstore_csi_driver_config": [],
                "ray_operator_config": [],
                "stateful_ha_config": []
              }
            ],
            "allow_net_admin": null,
            "anonymous_authentication_config": [
              {
                "mode": "ENABLED"
              }
            ],
            "authenticator_groups_config": [],
            "binary_authorization": [
              {
                "enabled": false,
                "evaluation_mode": ""
              }
            ],
            "cluster_autoscaling": [
              {
                "auto_provisioning_defaults": [],
                "auto_provisioning_locations": [],
                "autoscaling_profile": "BALANCED",
                "default_compute_class_enabled": false,
                "enabled": false,
                "resource_limits": []
              }
            ],
            "cluster_ipv4_cidr": "10.64.0.0/14",
            "confidential_nodes": [],
            "control_plane_endpoints_config": [
              {
                "dns_endpoint_config": [
                  {
                    "allow_external_traffic": false,
                    "endpoint": "gke-ba36cd3e58e548fa983a79cdd54c3adfafca-490245203745.us-central1-a.gke.goog"
                  }
                ],
                "ip_endpoints_config": [
                  {
                    "enabled": true
                  }
                ]
              }
            ],
            "cost_management_config": [],
            "database_encryption": [
              {
                "key_name": "",
                "state": "DECRYPTED"
              }
            ],
            "datapath_provider": "",
            "default_max_pods_per_node": 110,
            "default_snat_status": [
              {
                "disabled": false
              }
            ],
            "deletion_protection": true,
            "description": "",
            "disable_l4_lb_firewall_reconciliation": false,
            "dns_config": [],
            "effective_labels": {
              "goog-terraform-provisioned": "true"
            },
            "enable_autopilot": false,
            "enable_cilium_clusterwide_network_policy": false,
            "enable_fqdn_network_policy": false,
            "enable_intranode_visibility": false,
            "enable_k8s_beta_apis": [],
            "enable_kubernetes_alpha": false,
            "enable_l4_ilb_subsetting": false,
            "enable_legacy_abac": false,
            "enable_multi_networking": false,
            "enable_shielded_nodes": true,
            "enable_tpu": false,
            "endpoint": "136.114.112.183",
            "enterprise_config": [
              {
                "cluster_tier": "STANDARD",
                "desired_tier": ""
              }
            ],
            "fleet": [],
            "gateway_api_config": [],
            "gke_auto_upgrade_config": [],
            "id": "projects/theta-ember-474415-r8/locations/us-central1-a/clusters/microservice-gke",
            "identity_service_config": [],
            "in_transit_encryption_config": "",
            "initial_node_count": 1,
            "ip_allocation_policy": [
              {
                "additional_ip_ranges_config": [],
                "additional_pod_ranges_config": [],
                "auto_ipam_config": [],
                "cluster_ipv4_cidr_block": "10.64.0.0/14",
                "cluster_secondary_range_name": "gke-microservice-gke-pods-ba36cd3e",
                "pod_cidr_overprovision_config": [
                  {
                    "disabled": false
                  }
                ],
                "services_ipv4_cidr_block": "34.118.224.0/20",
                "services_secondary_range_name": "",
                "stack_type": "IPV4"
              }
            ],
            "label_fingerprint": "78cdf2f6",
            "location": "us-central1-a",
            "logging_config": [
              {
                "enable_components": [
                  "SYSTEM_COMPONENTS",
                  "WORKLOADS"
                ]
              }
            ],
            "logging_service": "logging.googleapis.com/kubernetes",
            "maintenance_policy": [],
            "master_auth": [
              {
                "client_certificate": "",
                "client_certificate_config": [
                  {
                    "issue_client_certificate": false
                  }
                ],
                "client_key": "",
                "cluster_ca_certificate": "LS0tLS1CRUdJTiBDRVJUSUZJQ0FURS0tLS0tCk1JSUVMRENDQXBTZ0F3SUJBZ0lRYjlUV015WVFJVmJmZk9NTUNwVkRhREFOQmdrcWhraUc5dzBCQVFzRkFEQXYKTVMwd0t3WURWUVFERXlReE5EQXhZV1E0WmkweFkyWXlMVFE1TVdZdE9HTTJNQzB3TlRFME5qVTBOV1F6TlRNdwpJQmNOTWpVeE1EQTNNVFl4TXpNeFdoZ1BNakExTlRBNU16QXhOekV6TXpGYU1DOHhMVEFyQmdOVkJBTVRKREUwCk1ERmhaRGhtTFRGalpqSXRORGt4WmkwNFl6WXdMVEExTVRRMk5UUTFaRE0xTXpDQ0FhSXdEUVlKS29aSWh2Y04KQVFFQkJRQURnZ0dQQURDQ0FZb0NnZ0dCQU1GRnJINzBNRmdGOHJtTU1zWEhvTXdSTDVzQmJEczlnMUwyNU5ScgpUZlREd3JhVUtrUFRhVnFwK3RpbnlLU3pZQ3Uydmd1N1dtcXRXMGdtelcwQi9EVFR6VUFNODdsR0pPblpYY2dOCmM4SVRWenQxNDZSNkdJdWJBK3crOGNFRzl5OVJ4aVhFdGk0ZUxKZ2pabkhjaXdvV2FCWDh6QVdvUDU1TGY4a2wKT05rK0NGbUM5c3ZPRnZBWnQyV21PeWVWK3Z3QkhxV3l2Z1V5Z3MrbW04RDlMMlUvdHRhN2ZEVWkvV1ZJRjlmSwpEd29TVnpOdlhxazZoTEpTWjRJOXBFcHM3bEtQdmVIQTEzcFZzNkExaUxFdTlKRHZhYTl2ODFKRW94eHdPVUZtCktsMVFxKy9MWVZyQzVxSkNPcHZ1WHVLblFCREVlMnNYakpYdEpNb2FUYUQ2U01sTXJocC9Na3UyL3RlY0JxZkcKSm5XT1dsdloyR3E3cndUMFlDWXZST2pOaHNubllPMUNQYmtvZm9TdFpxWlBVT1ZCUEpQRElBRjZIVms1MkNCMwpaS2Vac25rZ3MyTlo2eldsRmsyKzJtK0h1NGg5cjZJVitlbGVBazZBTDRlZWhJbUlKSXRSdlpEak5ocVk3UVpNCk84bkN6akVGa2l5TnU5czF1ZERoTHYzUllRSURBUUFCbzBJd1FEQU9CZ05WSFE4QkFmOEVCQU1DQWdRd0R3WUQKVlIwVEFRSC9CQVV3QXdFQi96QWRCZ05WSFE0RUZnUVU0bUtnYS8rSVhrYW9tY0JITTNtZ0RoTWF2c2t3RFFZSgpLb1pJaHZjTkFRRUxCUUFEZ2dHQkFLYUVLanZWZWE3ZVhRVWUxczJRd3l5S2d4Y2lTS0pxcXlTZ3hweFRpQ3liCk1JenVVM3BvWFhzU09HczJpdHd4cU9EYTBBek02akFyQ2xqdzhURUF3T1U3OGN6K29xTXFXS1BBNWFnbklEbjgKMi9mZjduS2JJdTZJbHp5aEgxN3VRcHZYK3E4OG1JWkM3b2F6V0c1RDI2dEpVWWRoaUsxeThXNzNFOWU4RURCdQpZQlFNNkd3TysySmNLMVQxN25NUi9RTUhDeHNoL2NJTGtaTUhxdWVCV3lBSFE2T1dpYTRyUmpGSW03T2dncis1CmZKV3Q4ODIweFNsd0JZUGF4a3phb3hrSkJEL2Z6MEdFOEVjNS9TZHdDUTNvcTRKWXY2QXVTYVdwcGtlMUhsaFUKdlZ5RURjWk1USjd5SElIVktQanZYemJ2TGoydjVyY3JEZ1BIdWZvMkRqUDdOVXRXUGJwNm9PQUhQUHJieDB4dAp3YzAvOVFxcmV0aTVkTHdVam5HQ2lObjErZURJYThnd2tFYjFXVklCMi92cTFsSzFTWUc2QXVUSTZnR0RCaklyCjVHdXBWaUlVY3NVdjlJa3AvZU96bWxYd3pMNkpLTWRJR2ZHYXFrUVRxdFdpNXlFTmVUUE1xUFUyeHhPdUZqd24KWjl6MUNEODlRTVZHSVNpTVg1QjVEQT09Ci0tLS0tRU5EIENFUlRJRklDQVRFLS0tLS0K"
              }
            ],
            "master_authorized_networks_config": [],
            "master_version": "1.33.4-gke.1245000",
            "mesh_certificates": [],
            "min_master_version": null,
            "monitoring_config": [
              {
                "advanced_datapath_observability_config": [
                  {
                    "enable_metrics": false,
                    "enable_relay": false
                  }
                ],
                "enable_components": [
                  "SYSTEM_COMPONENTS",
                  "STORAGE",
                  "HPA",
                  "POD",
                  "DAEMONSET",
                  "DEPLOYMENT",
                  "STATEFULSET",
                  "JOBSET",
                  "CADVISOR",
                  "KUBELET",
                  "DCGM"
                ],
                "managed_prometheus": [
                  {
                    "auto_monitoring_config": [],
                    "enabled": true
                  }
                ]
              }
            ],
            "monitoring_service": "monitoring.googleapis.com/kubernetes",
            "name": "microservice-gke",
            "network": "projects/theta-ember-474415-r8/global/networks/default",
            "network_performance_config": [],
            "network_policy": [
              {
                "enabled": false,
                "provider": "PROVIDER_UNSPECIFIED"
              }
            ],
            "networking_mode": "VPC_NATIVE",
            "node_config": [],
            "node_locations": [],
            "node_pool": [],
            "node_pool_auto_config": [
              {
                "linux_node_config": [],
                "network_tags": [],
                "node_kubelet_config": [
                  {
                    "insecure_kubelet_readonly_port_enabled": "FALSE"
                  }
                ],
                "resource_manager_tags": {}
              }
            ],
            "node_pool_defaults": [
              {
                "node_config_defaults": [
                  {
                    "containerd_config": [],
                    "gcfs_config": [],
                    "insecure_kubelet_readonly_port_enabled": "FALSE",
                    "logging_variant": "DEFAULT"
                  }
                ]
              }
            ],
            "node_version": "1.33.4-gke.1245000",
            "notification_config": [
              {
                "pubsub": [
                  {
                    "enabled": false,
                    "filter": [],
                    "topic": ""
                  }
                ]
              }
            ],
            "operation": null,
            "pod_autoscaling": [
              {
                "hpa_profile": "PERFORMANCE"
              }
            ],
            "private_cluster_config": [
              {
                "enable_private_endpoint": false,
                "enable_private_nodes": false,
                "master_global_access_config": [
                  {
                    "enabled": false
                  }
                ],
                "master_ipv4_cidr_block": "",
                "peering_name": "",
                "private_endpoint": "10.128.0.2",
                "private_endpoint_subnetwork": "",
                "public_endpoint": "136.114.112.183"
              }
            ],
            "private_ipv6_google_access": "",
            "project": "theta-ember-474415-r8",
            "rbac_binding_config": [
              {
                "enable_insecure_binding_system_authenticated": true,
                "enable_insecure_binding_system_unauthenticated": true
              }
            ],
            "release_channel": [
              {
                "channel": "REGULAR"
              }
            ],
            "remove_default_node_pool": true,
            "resource_labels": null,
            "resource_usage_export_config": [],
            "secret_manager_config": [
              {
                "enabled": false,
                "rotation_config": []
              }
            ],
            "security_posture_config": [
              {
                "mode": "BASIC",
                "vulnerability_mode": "VULNERABILITY_MODE_UNSPECIFIED"
              }
            ],
            "self_link": "https://container.googleapis.com/v1/projects/theta-ember-474415-r8/zones/us-central1-a/clusters/microservice-gke",
            "service_external_ips_config": [
              {
                "enabled": false
              }
            ],
            "services_ipv4_cidr": "34.118.224.0/20",
            "subnetwork": "projects/theta-ember-474415-r8/regions/us-central1/subnetworks/default",
            "terraform_labels": {
              "goog-terraform-provisioned": "true"
            },
            "timeouts": null,
            "tpu_ipv4_cidr_block": "",
            "user_managed_keys_config": [],
            "vertical_pod_autoscaling": [],
            "workload_identity_config": [
              {
                "workload_pool": "theta-ember-474415-r8.svc.id.goog"
              }
            ]
          },
          "sensitive_attributes": [],
          "private": "eyJlMmJmYjczMC1lY2FhLTExZTYtOGY4OC0zNDM2M2JjN2M0YzAiOnsiY3JlYXRlIjoyNDAwMDAwMDAwMDAwLCJkZWxldGUiOjI0MDAwMDAwMDAwMDAsInJlYWQiOjI0MDAwMDAwMDAwMDAsInVwZGF0ZSI6MzYwMDAwMDAwMDAwMH0sInNjaGVtYV92ZXJzaW9uIjoiMiJ9"
        }
      ]
    },
    {
      "mode": "managed",
      "type": "google_container_node_pool",
      "name": "primary_nodes",
      "provider": "provider[\"registry.terraform.io/hashicorp/google\"]",
      "instances": [
        {
          "schema_version": 1,
          "attributes": {
            "autoscaling": [],
            "cluster": "microservice-gke",
            "id": "projects/theta-ember-474415-r8/locations/us-central1-a/clusters/microservice-gke/nodePools/primary-pool",
            "initial_node_count": 2,
            "instance_group_urls": [
              "https://www.googleapis.com/compute/v1/projects/theta-ember-474415-r8/zones/us-central1-a/instanceGroupManagers/gke-microservice-gke-primary-pool-ec1a186f-grp"
            ],
            "location": "us-central1-a",
            "managed_instance_group_urls": [
              "https://www.googleapis.com/compute/v1/projects/theta-ember-474415-r8/zones/us-central1-a/instanceGroups/gke-microservice-gke-primary-pool-ec1a186f-grp"
            ],
            "management": [
              {
                "auto_repair": true,
                "auto_upgrade": true
              }
            ],
            "max_pods_per_node": 110,
            "name": "primary-pool",
            "name_prefix": "",
            "network_config": [
              {
                "additional_node_network_configs": [],
                "additional_pod_network_configs": [],
                "create_pod_range": false,
                "enable_private_nodes": false,
                "network_performance_config": [],
                "pod_cidr_overprovision_config": [],
                "pod_ipv4_cidr_block": "10.64.0.0/14",
                "pod_range": "gke-microservice-gke-pods-ba36cd3e",
                "subnetwork": "projects/theta-ember-474415-r8/regions/us-central1/subnetworks/default"
              }
            ],
            "node_config": [
              {
                "advanced_machine_features": [],
                "boot_disk": [
                  {
                    "disk_type": "pd-balanced",
                    "provisioned_iops": 0,
                    "provisioned_throughput": 0,
                    "size_gb": 100
                  }
                ],
                "boot_disk_kms_key": "",
                "confidential_nodes": [],
                "containerd_config": [],
                "disk_size_gb": 100,
                "disk_type": "pd-balanced",
                "effective_taints": [],
                "enable_confidential_storage": false,
                "ephemeral_storage_local_ssd_config": [],
                "fast_socket": [],
                "flex_start": false,
                "gcfs_config": [],
                "guest_accelerator": [],
                "gvnic": [],
                "host_maintenance_policy": [],
                "image_type": "COS_CONTAINERD",
                "kubelet_config": [
                  {
                    "allowed_unsafe_sysctls": [],
                    "container_log_max_files": 0,
                    "container_log_max_size": "",
                    "cpu_cfs_quota": false,
                    "cpu_cfs_quota_period": "",
                    "cpu_manager_policy": "",
                    "eviction_max_pod_grace_period_seconds": 0,
                    "eviction_minimum_reclaim": [],
                    "eviction_soft": [],
                    "eviction_soft_grace_period": [],
                    "image_gc_high_threshold_percent": 0,
                    "image_gc_low_threshold_percent": 0,
                    "image_maximum_gc_age": "",
                    "image_minimum_gc_age": "",
                    "insecure_kubelet_readonly_port_enabled": "FALSE",
                    "max_parallel_image_pulls": 2,
                    "memory_manager": [],
                    "pod_pids_limit": 0,
                    "single_process_oom_kill": false,
                    "topology_manager": []
                  }
                ],
                "labels": {},
                "linux_node_config": [],
                "local_nvme_ssd_block_config": [],
                "local_ssd_count": 0,
                "local_ssd_encryption_mode": "",
                "logging_variant": "DEFAULT",
                "machine_type": "e2-medium",
                "max_run_duration": "",
                "metadata": {
                  "disable-legacy-endpoints": "true"
                },
                "min_cpu_platform": "",
                "node_group": "",
                "oauth_scopes": [
                  "https://www.googleapis.com/auth/cloud-platform"
                ],
                "preemptible": false,
                "reservation_affinity": [],
                "resource_labels": {
                  "goog-gke-node-pool-provisioning-model": "on-demand"
                },
                "resource_manager_tags": null,
                "secondary_boot_disks": [],
                "service_account": "default",
                "shielded_instance_config": [
                  {
                    "enable_integrity_monitoring": true,
                    "enable_secure_boot": false
                  }
                ],
                "sole_tenant_config": [],
                "spot": false,
                "storage_pools": null,
                "tags": null,
                "taint": [],
                "windows_node_config": [
                  {
                    "osversion": ""
                  }
                ],
                "workload_metadata_config": [
                  {
                    "mode": "GKE_METADATA"
                  }
                ]
              }
            ],
            "node_count": 2,
            "node_locations": [
              "us-central1-a"
            ],
            "operation": null,
            "placement_policy": [],
            "project": "theta-ember-474415-r8",
            "queued_provisioning": [],
            "timeouts": null,
            "upgrade_settings": [
              {
                "blue_green_settings": [],
                "max_surge": 1,
                "max_unavailable": 0,
                "strategy": "SURGE"
              }
            ],
            "version": "1.33.4-gke.1245000"
          },
          "sensitive_attributes": [],
          "private": "eyJlMmJmYjczMC1lY2FhLTExZTYtOGY4OC0zNDM2M2JjN2M0YzAiOnsiY3JlYXRlIjoxODAwMDAwMDAwMDAwLCJkZWxldGUiOjE4MDAwMDAwMDAwMDAsInVwZGF0ZSI6MTgwMDAwMDAwMDAwMH0sInNjaGVtYV92ZXJzaW9uIjoiMSJ9",
          "dependencies": [
            "google_container_cluster.primary"
          ]
        }
      ]
    },
    {
      "mode": "managed",
      "type": "google_project_iam_member",
      "name": "jenkins_container_admin",
      "provider": "provider[\"registry.terraform.io/hashicorp/google\"]",
      "instances": [
        {
          "schema_version": 0,
          "attributes": {
            "condition": [],
            "etag": "BwZAlLDbzqY=",
            "id": "theta-ember-474415-r8/roles/container.admin/serviceAccount:jenkins-deployer@theta-ember-474415-r8.iam.gserviceaccount.com",
            "member": "serviceAccount:jenkins-deployer@theta-ember-474415-r8.iam.gserviceaccount.com",
            "project": "theta-ember-474415-r8",
            "role": "roles/container.admin"
          },
          "sensitive_attributes": [],
          "private": "bnVsbA==",
          "dependencies": [
            "google_service_account.jenkins"
          ]
        }
      ]
    },
    {
      "mode": "managed",
      "type": "google_project_iam_member",
      "name": "jenkins_storage_admin",
      "provider": "provider[\"registry.terraform.io/hashicorp/google\"]",
      "instances": [
        {
          "schema_version": 0,
          "attributes": {
            "condition": [],
            "etag": "BwZAlLDbzqY=",
            "id": "theta-ember-474415-r8/roles/storage.admin/serviceAccount:jenkins-deployer@theta-ember-474415-r8.iam.gserviceaccount.com",
            "member": "serviceAccount:jenkins-deployer@theta-ember-474415-r8.iam.gserviceaccount.com",
            "project": "theta-ember-474415-r8",
            "role": "roles/storage.admin"
          },
          "sensitive_attributes": [],
          "private": "bnVsbA==",
          "dependencies": [
            "google_service_account.jenkins"
          ]
        }
      ]
    },
    {
      "mode": "managed",
      "type": "google_project_service",
      "name": "artifactregistry_api",
      "provider": "provider[\"registry.terraform.io/hashicorp/google\"]",
      "instances": [
        {
          "schema_version": 0,
          "attributes": {
            "disable_dependent_services": null,
            "disable_on_destroy": null,
            "id": "theta-ember-474415-r8/artifactregistry.googleapis.com",
            "project": "theta-ember-474415-r8",
            "service": "artifactregistry.googleapis.com",
            "timeouts": null
          },
          "sensitive_attributes": [],
          "private": "eyJlMmJmYjczMC1lY2FhLTExZTYtOGY4OC0zNDM2M2JjN2M0YzAiOnsiY3JlYXRlIjoxMjAwMDAwMDAwMDAwLCJkZWxldGUiOjEyMDAwMDAwMDAwMDAsInJlYWQiOjYwMDAwMDAwMDAwMCwidXBkYXRlIjoxMjAwMDAwMDAwMDAwfX0="
        }
      ]
    },
    {
      "mode": "managed",
      "type": "google_project_service",
      "name": "compute_api",
      "provider": "provider[\"registry.terraform.io/hashicorp/google\"]",
      "instances": [
        {
          "schema_version": 0,
          "attributes": {
            "disable_dependent_services": null,
            "disable_on_destroy": null,
            "id": "theta-ember-474415-r8/compute.googleapis.com",
            "project": "theta-ember-474415-r8",
            "service": "compute.googleapis.com",
            "timeouts": null
          },
          "sensitive_attributes": [],
          "private": "eyJlMmJmYjczMC1lY2FhLTExZTYtOGY4OC0zNDM2M2JjN2M0YzAiOnsiY3JlYXRlIjoxMjAwMDAwMDAwMDAwLCJkZWxldGUiOjEyMDAwMDAwMDAwMDAsInJlYWQiOjYwMDAwMDAwMDAwMCwidXBkYXRlIjoxMjAwMDAwMDAwMDAwfX0="
        }
      ]
    },
    {
      "mode": "managed",
      "type": "google_project_service",
      "name": "container_api",
      "provider": "provider[\"registry.terraform.io/hashicorp/google\"]",
      "instances": [
        {
          "schema_version": 0,
          "attributes": {
            "disable_dependent_services": null,
            "disable_on_destroy": null,
            "id": "theta-ember-474415-r8/container.googleapis.com",
            "project": "theta-ember-474415-r8",
            "service": "container.googleapis.com",
            "timeouts": null
          },
          "sensitive_attributes": [],
          "private": "eyJlMmJmYjczMC1lY2FhLTExZTYtOGY4OC0zNDM2M2JjN2M0YzAiOnsiY3JlYXRlIjoxMjAwMDAwMDAwMDAwLCJkZWxldGUiOjEyMDAwMDAwMDAwMDAsInJlYWQiOjYwMDAwMDAwMDAwMCwidXBkYXRlIjoxMjAwMDAwMDAwMDAwfX0="
        }
      ]
    },
    {
      "mode": "managed",
      "type": "google_project_service",
      "name": "iam_api",
      "provider": "provider[\"registry.terraform.io/hashicorp/google\"]",
      "instances": [
        {
          "schema_version": 0,
          "attributes": {
            "disable_dependent_services": null,
            "disable_on_destroy": null,
            "id": "theta-ember-474415-r8/iamcredentials.googleapis.com",
            "project": "theta-ember-474415-r8",
            "service": "iamcredentials.googleapis.com",
            "timeouts": null
          },
          "sensitive_attributes": [],
          "private": "eyJlMmJmYjczMC1lY2FhLTExZTYtOGY4OC0zNDM2M2JjN2M0YzAiOnsiY3JlYXRlIjoxMjAwMDAwMDAwMDAwLCJkZWxldGUiOjEyMDAwMDAwMDAwMDAsInJlYWQiOjYwMDAwMDAwMDAwMCwidXBkYXRlIjoxMjAwMDAwMDAwMDAwfX0="
        }
      ]
    },
    {
      "mode": "managed",
      "type": "google_service_account",
      "name": "jenkins",
      "provider": "provider[\"registry.terraform.io/hashicorp/google\"]",
      "instances": [
        {
          "schema_version": 0,
          "attributes": {
            "account_id": "jenkins-deployer",
            "create_ignore_already_exists": null,
            "description": "",
            "disabled": false,
            "display_name": "Jenkins Deployer SA",
            "email": "jenkins-deployer@theta-ember-474415-r8.iam.gserviceaccount.com",
            "id": "projects/theta-ember-474415-r8/serviceAccounts/jenkins-deployer@theta-ember-474415-r8.iam.gserviceaccount.com",
            "member": "serviceAccount:jenkins-deployer@theta-ember-474415-r8.iam.gserviceaccount.com",
            "name": "projects/theta-ember-474415-r8/serviceAccounts/jenkins-deployer@theta-ember-474415-r8.iam.gserviceaccount.com",
            "project": "theta-ember-474415-r8",
            "timeouts": null,
            "unique_id": "106798144018353956029"
          },
          "sensitive_attributes": [],
          "private": "eyJlMmJmYjczMC1lY2FhLTExZTYtOGY4OC0zNDM2M2JjN2M0YzAiOnsiY3JlYXRlIjozMDAwMDAwMDAwMDB9fQ=="
        }
      ]
    }
  ],
  "check_results": null
}
